
Microsoft Visual Studio Solution File, Format Version 12.00
# Visual Studio Version 16
VisualStudioVersion = 16.0.33927.289
MinimumVisualStudioVersion = 10.0.40219.1
Project("{FAE04EC0-301F-11D3-BF4B-00C04F79EFBC}") = "ThanhGiangBT", "ThanhGiangBT\ThanhGiangBT.csproj", "{61E6B333-342E-4DB1-8696-13B73E70E3A0}"
EndProject
Global
	GlobalSection(SolutionConfigurationPlatforms) = preSolution
		Debug|Any CPU = Debug|Any CPU
		Release|Any CPU = Release|Any CPU
	EndGlobalSection
	GlobalSection(ProjectConfigurationPlatforms) = postSolution
		{61E6B333-342E-4DB1-8696-13B73E70E3A0}.Debug|Any CPU.ActiveCfg = Debug|Any CPU
		{61E6B333-342E-4DB1-8696-13B73E70E3A0}.Debug|Any CPU.Build.0 = Debug|Any CPU
		{61E6B333-342E-4DB1-8696-13B73E70E3A0}.Release|Any CPU.ActiveCfg = Release|Any CPU
		{61E6B333-342E-4DB1-8696-13B73E70E3A0}.Release|Any CPU.Build.0 = Release|Any CPU
	EndGlobalSection
	GlobalSection(SolutionProperties) = preSolution
		HideSolutionNode = FALSE
	EndGlobalSection
	GlobalSection(ExtensibilityGlobals) = postSolution
		SolutionGuid = {5EC70EB4-338E-4804-8765-5D06EC96E108}
	EndGlobalSection
EndGlobal
